
Microsoft Visual Studio Solution File, Format Version 12.00
# Visual Studio Version 17
VisualStudioVersion = 17.11.35431.28
MinimumVisualStudioVersion = 10.0.40219.1
Project("{8BC9CEB8-8B4A-11D0-8D11-00A0C91BC942}") = "Slide_the_window", "Slide_the_window\Slide_the_window.vcxproj", "{40131486-5F56-4E73-A8B8-FA4387ECB10A}"
EndProject
Global
	GlobalSection(SolutionConfigurationPlatforms) = preSolution
		Debug|x64 = Debug|x64
		Debug|x86 = Debug|x86
		Release|x64 = Release|x64
		Release|x86 = Release|x86
	EndGlobalSection
	GlobalSection(ProjectConfigurationPlatforms) = postSolution
		{40131486-5F56-4E73-A8B8-FA4387ECB10A}.Debug|x64.ActiveCfg = Debug|x64
		{40131486-5F56-4E73-A8B8-FA4387ECB10A}.Debug|x64.Build.0 = Debug|x64
		{40131486-5F56-4E73-A8B8-FA4387ECB10A}.Debug|x86.ActiveCfg = Debug|Win32
		{40131486-5F56-4E73-A8B8-FA4387ECB10A}.Debug|x86.Build.0 = Debug|Win32
		{40131486-5F56-4E73-A8B8-FA4387ECB10A}.Release|x64.ActiveCfg = Release|x64
		{40131486-5F56-4E73-A8B8-FA4387ECB10A}.Release|x64.Build.0 = Release|x64
		{40131486-5F56-4E73-A8B8-FA4387ECB10A}.Release|x86.ActiveCfg = Release|Win32
		{40131486-5F56-4E73-A8B8-FA4387ECB10A}.Release|x86.Build.0 = Release|Win32
	EndGlobalSection
	GlobalSection(SolutionProperties) = preSolution
		HideSolutionNode = FALSE
	EndGlobalSection
	GlobalSection(ExtensibilityGlobals) = postSolution
		SolutionGuid = {5620E5C0-0FFA-4C46-B7E8-C8FF449AAEFC}
	EndGlobalSection
EndGlobal
