
Microsoft Visual Studio Solution File, Format Version 12.00
# Visual Studio Version 17
VisualStudioVersion = 17.11.35431.28
MinimumVisualStudioVersion = 10.0.40219.1
Project("{8BC9CEB8-8B4A-11D0-8D11-00A0C91BC942}") = "Routing_issues", "Routing_issues\Routing_issues.vcxproj", "{59BD39F9-B68F-4E38-A359-C456DB884999}"
EndProject
Global
	GlobalSection(SolutionConfigurationPlatforms) = preSolution
		Debug|x64 = Debug|x64
		Debug|x86 = Debug|x86
		Release|x64 = Release|x64
		Release|x86 = Release|x86
	EndGlobalSection
	GlobalSection(ProjectConfigurationPlatforms) = postSolution
		{59BD39F9-B68F-4E38-A359-C456DB884999}.Debug|x64.ActiveCfg = Debug|x64
		{59BD39F9-B68F-4E38-A359-C456DB884999}.Debug|x64.Build.0 = Debug|x64
		{59BD39F9-B68F-4E38-A359-C456DB884999}.Debug|x86.ActiveCfg = Debug|Win32
		{59BD39F9-B68F-4E38-A359-C456DB884999}.Debug|x86.Build.0 = Debug|Win32
		{59BD39F9-B68F-4E38-A359-C456DB884999}.Release|x64.ActiveCfg = Release|x64
		{59BD39F9-B68F-4E38-A359-C456DB884999}.Release|x64.Build.0 = Release|x64
		{59BD39F9-B68F-4E38-A359-C456DB884999}.Release|x86.ActiveCfg = Release|Win32
		{59BD39F9-B68F-4E38-A359-C456DB884999}.Release|x86.Build.0 = Release|Win32
	EndGlobalSection
	GlobalSection(SolutionProperties) = preSolution
		HideSolutionNode = FALSE
	EndGlobalSection
	GlobalSection(ExtensibilityGlobals) = postSolution
		SolutionGuid = {2724A9D0-DC86-4F89-A729-F1A7A5052062}
	EndGlobalSection
EndGlobal
